
Microsoft Visual Studio Solution File, Format Version 11.00
# Visual Studio 2010
Project("{FAE04EC0-301F-11D3-BF4B-00C04F79EFBC}") = "Assembly-CSharp-firstpass", "Assembly-CSharp-firstpass.csproj", "{b796eaae-eaac-b54b-5b6f-cfc377778259}"
EndProject
Project("{FAE04EC0-301F-11D3-BF4B-00C04F79EFBC}") = "Assembly-CSharp", "Assembly-CSharp.csproj", "{8415b0fb-d2a0-ca37-3806-ee1707538aad}"
EndProject
Project("{FAE04EC0-301F-11D3-BF4B-00C04F79EFBC}") = "Assembly-CSharp-Editor", "Assembly-CSharp-Editor.csproj", "{571bd235-85f4-85a2-5336-579e99fe499d}"
EndProject
Project("{FAE04EC0-301F-11D3-BF4B-00C04F79EFBC}") = "Assembly-CSharp-Editor-firstpass", "Assembly-CSharp-Editor-firstpass.csproj", "{d329bf5f-1e3d-4045-1085-c015c2b0ca03}"
EndProject
Global
	GlobalSection(SolutionConfigurationPlatforms) = preSolution
		Debug|Any CPU = Debug|Any CPU
	EndGlobalSection
	GlobalSection(ProjectConfigurationPlatforms) = postSolution
		{b796eaae-eaac-b54b-5b6f-cfc377778259}.Debug|Any CPU.ActiveCfg = Debug|Any CPU
		{b796eaae-eaac-b54b-5b6f-cfc377778259}.Debug|Any CPU.Build.0 = Debug|Any CPU
		{8415b0fb-d2a0-ca37-3806-ee1707538aad}.Debug|Any CPU.ActiveCfg = Debug|Any CPU
		{8415b0fb-d2a0-ca37-3806-ee1707538aad}.Debug|Any CPU.Build.0 = Debug|Any CPU
		{571bd235-85f4-85a2-5336-579e99fe499d}.Debug|Any CPU.ActiveCfg = Debug|Any CPU
		{571bd235-85f4-85a2-5336-579e99fe499d}.Debug|Any CPU.Build.0 = Debug|Any CPU
		{d329bf5f-1e3d-4045-1085-c015c2b0ca03}.Debug|Any CPU.ActiveCfg = Debug|Any CPU
		{d329bf5f-1e3d-4045-1085-c015c2b0ca03}.Debug|Any CPU.Build.0 = Debug|Any CPU
	EndGlobalSection
	GlobalSection(SolutionProperties) = preSolution
		HideSolutionNode = FALSE
	EndGlobalSection
EndGlobal
