
Microsoft Visual Studio Solution File, Format Version 12.00
# Visual Studio Version 16
VisualStudioVersion = 16.0.31702.278
MinimumVisualStudioVersion = 10.0.40219.1
Project("{FAE04EC0-301F-11D3-BF4B-00C04F79EFBC}") = "Assembly-CSharp", "Assembly-CSharp.csproj", "{2FE0D869-480E-6927-2F95-8D5095E22171}"
EndProject
Project("{FAE04EC0-301F-11D3-BF4B-00C04F79EFBC}") = "Assembly-CSharp-firstpass", "Assembly-CSharp-firstpass.csproj", "{9C207F65-F7EF-CF98-0EFC-945C895E527D}"
EndProject
Project("{FAE04EC0-301F-11D3-BF4B-00C04F79EFBC}") = "Assembly-CSharp-Editor", "Assembly-CSharp-Editor.csproj", "{6720A2DE-CC29-F1D3-7B41-415556C8CB51}"
EndProject
Project("{FAE04EC0-301F-11D3-BF4B-00C04F79EFBC}") = "Assembly-CSharp-Editor-firstpass", "Assembly-CSharp-Editor-firstpass.csproj", "{48DC72A1-E004-95ED-9268-79E6C3016641}"
EndProject
Global
	GlobalSection(SolutionConfigurationPlatforms) = preSolution
		Debug|Any CPU = Debug|Any CPU
		Release|Any CPU = Release|Any CPU
	EndGlobalSection
	GlobalSection(ProjectConfigurationPlatforms) = postSolution
		{2FE0D869-480E-6927-2F95-8D5095E22171}.Debug|Any CPU.ActiveCfg = Debug|Any CPU
		{2FE0D869-480E-6927-2F95-8D5095E22171}.Debug|Any CPU.Build.0 = Debug|Any CPU
		{2FE0D869-480E-6927-2F95-8D5095E22171}.Release|Any CPU.ActiveCfg = Release|Any CPU
		{2FE0D869-480E-6927-2F95-8D5095E22171}.Release|Any CPU.Build.0 = Release|Any CPU
		{9C207F65-F7EF-CF98-0EFC-945C895E527D}.Debug|Any CPU.ActiveCfg = Debug|Any CPU
		{9C207F65-F7EF-CF98-0EFC-945C895E527D}.Debug|Any CPU.Build.0 = Debug|Any CPU
		{9C207F65-F7EF-CF98-0EFC-945C895E527D}.Release|Any CPU.ActiveCfg = Release|Any CPU
		{9C207F65-F7EF-CF98-0EFC-945C895E527D}.Release|Any CPU.Build.0 = Release|Any CPU
		{6720A2DE-CC29-F1D3-7B41-415556C8CB51}.Debug|Any CPU.ActiveCfg = Debug|Any CPU
		{6720A2DE-CC29-F1D3-7B41-415556C8CB51}.Debug|Any CPU.Build.0 = Debug|Any CPU
		{6720A2DE-CC29-F1D3-7B41-415556C8CB51}.Release|Any CPU.ActiveCfg = Release|Any CPU
		{6720A2DE-CC29-F1D3-7B41-415556C8CB51}.Release|Any CPU.Build.0 = Release|Any CPU
		{48DC72A1-E004-95ED-9268-79E6C3016641}.Debug|Any CPU.ActiveCfg = Debug|Any CPU
		{48DC72A1-E004-95ED-9268-79E6C3016641}.Debug|Any CPU.Build.0 = Debug|Any CPU
		{48DC72A1-E004-95ED-9268-79E6C3016641}.Release|Any CPU.ActiveCfg = Release|Any CPU
		{48DC72A1-E004-95ED-9268-79E6C3016641}.Release|Any CPU.Build.0 = Release|Any CPU
	EndGlobalSection
	GlobalSection(SolutionProperties) = preSolution
		HideSolutionNode = FALSE
	EndGlobalSection
	GlobalSection(ExtensibilityGlobals) = postSolution
		SolutionGuid = {BDD2136B-6911-4820-96FC-C7ECE3F5AEB6}
	EndGlobalSection
EndGlobal
